
Microsoft Visual Studio Solution File, Format Version 12.00
# Visual Studio Version 17
VisualStudioVersion = 17.14.36414.22
MinimumVisualStudioVersion = 10.0.40219.1
Project("{FAE04EC0-301F-11D3-BF4B-00C04F79EFBC}") = "APITransacitons", "APITransacitons.csproj", "{DE4ED5E8-3BDE-49FE-B980-1EE40D78724F}"
EndProject
Global
	GlobalSection(SolutionConfigurationPlatforms) = preSolution
		Debug|Any CPU = Debug|Any CPU
		Release|Any CPU = Release|Any CPU
	EndGlobalSection
	GlobalSection(ProjectConfigurationPlatforms) = postSolution
		{DE4ED5E8-3BDE-49FE-B980-1EE40D78724F}.Debug|Any CPU.ActiveCfg = Debug|Any CPU
		{DE4ED5E8-3BDE-49FE-B980-1EE40D78724F}.Debug|Any CPU.Build.0 = Debug|Any CPU
		{DE4ED5E8-3BDE-49FE-B980-1EE40D78724F}.Release|Any CPU.ActiveCfg = Release|Any CPU
		{DE4ED5E8-3BDE-49FE-B980-1EE40D78724F}.Release|Any CPU.Build.0 = Release|Any CPU
	EndGlobalSection
	GlobalSection(SolutionProperties) = preSolution
		HideSolutionNode = FALSE
	EndGlobalSection
	GlobalSection(ExtensibilityGlobals) = postSolution
		SolutionGuid = {35934145-900E-401A-A99B-29D1065D1501}
	EndGlobalSection
EndGlobal
